
Microsoft Visual Studio Solution File, Format Version 12.00
# Visual Studio Version 17
VisualStudioVersion = 17.13.35919.96
MinimumVisualStudioVersion = 10.0.40219.1
Project("{FAE04EC0-301F-11D3-BF4B-00C04F79EFBC}") = "ClubDeportivo", "ClubDeportivo.csproj", "{36586DE4-6A6C-4CC4-8931-9539BB14FC15}"
EndProject
Global
	GlobalSection(SolutionConfigurationPlatforms) = preSolution
		Debug|Any CPU = Debug|Any CPU
		Release|Any CPU = Release|Any CPU
	EndGlobalSection
	GlobalSection(ProjectConfigurationPlatforms) = postSolution
		{36586DE4-6A6C-4CC4-8931-9539BB14FC15}.Debug|Any CPU.ActiveCfg = Release|Any CPU
		{36586DE4-6A6C-4CC4-8931-9539BB14FC15}.Debug|Any CPU.Build.0 = Release|Any CPU
		{36586DE4-6A6C-4CC4-8931-9539BB14FC15}.Release|Any CPU.ActiveCfg = Release|Any CPU
		{36586DE4-6A6C-4CC4-8931-9539BB14FC15}.Release|Any CPU.Build.0 = Release|Any CPU
	EndGlobalSection
	GlobalSection(SolutionProperties) = preSolution
		HideSolutionNode = FALSE
	EndGlobalSection
	GlobalSection(ExtensibilityGlobals) = postSolution
		SolutionGuid = {B921251A-D460-4858-9FBE-F842F9B018EF}
	EndGlobalSection
EndGlobal
